
Microsoft Visual Studio Solution File, Format Version 12.00
# Visual Studio Version 16
VisualStudioVersion = 16.0.32228.343
MinimumVisualStudioVersion = 10.0.40219.1
Project("{FAE04EC0-301F-11D3-BF4B-00C04F79EFBC}") = "Entities", "Entities\Entities.csproj", "{200C1CA9-AE77-450C-9B45-62ED4E2BBE66}"
EndProject
Project("{FAE04EC0-301F-11D3-BF4B-00C04F79EFBC}") = "DataAccess", "DataAccess\DataAccess.csproj", "{C3E3B9BE-5C73-4B04-AB38-FFEAAA69583B}"
EndProject
Project("{FAE04EC0-301F-11D3-BF4B-00C04F79EFBC}") = "Core", "Core\Core.csproj", "{83E0ECD0-5557-4BB2-8EE5-50E52516B858}"
EndProject
Project("{FAE04EC0-301F-11D3-BF4B-00C04F79EFBC}") = "Business", "Business\Business.csproj", "{FCB66E56-09CE-452D-A9ED-36CDD7C6AC45}"
EndProject
Project("{FAE04EC0-301F-11D3-BF4B-00C04F79EFBC}") = "WebAPI", "WebAPI\WebAPI.csproj", "{CFBD548C-E2B1-4143-BBB4-2B916833B5B6}"
EndProject
Global
	GlobalSection(SolutionConfigurationPlatforms) = preSolution
		Debug|Any CPU = Debug|Any CPU
		Release|Any CPU = Release|Any CPU
	EndGlobalSection
	GlobalSection(ProjectConfigurationPlatforms) = postSolution
		{200C1CA9-AE77-450C-9B45-62ED4E2BBE66}.Debug|Any CPU.ActiveCfg = Debug|Any CPU
		{200C1CA9-AE77-450C-9B45-62ED4E2BBE66}.Debug|Any CPU.Build.0 = Debug|Any CPU
		{200C1CA9-AE77-450C-9B45-62ED4E2BBE66}.Release|Any CPU.ActiveCfg = Release|Any CPU
		{200C1CA9-AE77-450C-9B45-62ED4E2BBE66}.Release|Any CPU.Build.0 = Release|Any CPU
		{C3E3B9BE-5C73-4B04-AB38-FFEAAA69583B}.Debug|Any CPU.ActiveCfg = Debug|Any CPU
		{C3E3B9BE-5C73-4B04-AB38-FFEAAA69583B}.Debug|Any CPU.Build.0 = Debug|Any CPU
		{C3E3B9BE-5C73-4B04-AB38-FFEAAA69583B}.Release|Any CPU.ActiveCfg = Release|Any CPU
		{C3E3B9BE-5C73-4B04-AB38-FFEAAA69583B}.Release|Any CPU.Build.0 = Release|Any CPU
		{83E0ECD0-5557-4BB2-8EE5-50E52516B858}.Debug|Any CPU.ActiveCfg = Debug|Any CPU
		{83E0ECD0-5557-4BB2-8EE5-50E52516B858}.Debug|Any CPU.Build.0 = Debug|Any CPU
		{83E0ECD0-5557-4BB2-8EE5-50E52516B858}.Release|Any CPU.ActiveCfg = Release|Any CPU
		{83E0ECD0-5557-4BB2-8EE5-50E52516B858}.Release|Any CPU.Build.0 = Release|Any CPU
		{FCB66E56-09CE-452D-A9ED-36CDD7C6AC45}.Debug|Any CPU.ActiveCfg = Debug|Any CPU
		{FCB66E56-09CE-452D-A9ED-36CDD7C6AC45}.Debug|Any CPU.Build.0 = Debug|Any CPU
		{FCB66E56-09CE-452D-A9ED-36CDD7C6AC45}.Release|Any CPU.ActiveCfg = Release|Any CPU
		{FCB66E56-09CE-452D-A9ED-36CDD7C6AC45}.Release|Any CPU.Build.0 = Release|Any CPU
		{CFBD548C-E2B1-4143-BBB4-2B916833B5B6}.Debug|Any CPU.ActiveCfg = Debug|Any CPU
		{CFBD548C-E2B1-4143-BBB4-2B916833B5B6}.Debug|Any CPU.Build.0 = Debug|Any CPU
		{CFBD548C-E2B1-4143-BBB4-2B916833B5B6}.Release|Any CPU.ActiveCfg = Release|Any CPU
		{CFBD548C-E2B1-4143-BBB4-2B916833B5B6}.Release|Any CPU.Build.0 = Release|Any CPU
	EndGlobalSection
	GlobalSection(SolutionProperties) = preSolution
		HideSolutionNode = FALSE
	EndGlobalSection
	GlobalSection(ExtensibilityGlobals) = postSolution
		SolutionGuid = {17AC78FE-2728-4A51-9FBB-E1AD2BCD1278}
	EndGlobalSection
EndGlobal
